
Microsoft Visual Studio Solution File, Format Version 11.00
# Visual Studio 2010
Project("{FAE04EC0-301F-11D3-BF4B-00C04F79EFBC}") = "Assembly-CSharp", "Assembly-CSharp.csproj", "{6aff3766-e46b-136c-b640-fd55cb1bc165}"
EndProject
Project("{FAE04EC0-301F-11D3-BF4B-00C04F79EFBC}") = "Assembly-CSharp-Editor", "Assembly-CSharp-Editor.csproj", "{a6f6345c-fc65-65a7-ab28-738978e7643c}"
EndProject
Global
	GlobalSection(SolutionConfigurationPlatforms) = preSolution
		Debug|Any CPU = Debug|Any CPU
	EndGlobalSection
	GlobalSection(ProjectConfigurationPlatforms) = postSolution
		{6aff3766-e46b-136c-b640-fd55cb1bc165}.Debug|Any CPU.ActiveCfg = Debug|Any CPU
		{6aff3766-e46b-136c-b640-fd55cb1bc165}.Debug|Any CPU.Build.0 = Debug|Any CPU
		{a6f6345c-fc65-65a7-ab28-738978e7643c}.Debug|Any CPU.ActiveCfg = Debug|Any CPU
		{a6f6345c-fc65-65a7-ab28-738978e7643c}.Debug|Any CPU.Build.0 = Debug|Any CPU
	EndGlobalSection
	GlobalSection(SolutionProperties) = preSolution
		HideSolutionNode = FALSE
	EndGlobalSection
EndGlobal
