
Microsoft Visual Studio Solution File, Format Version 11.00
# Visual Studio 2010
Project("{FAE04EC0-301F-11D3-BF4B-00C04F79EFBC}") = "Assembly-CSharp", "Assembly-CSharp.csproj", "{3f9d4723-ea77-5e57-ce6e-946b99378ea8}"
EndProject
Project("{FAE04EC0-301F-11D3-BF4B-00C04F79EFBC}") = "Assembly-CSharp-Editor", "Assembly-CSharp-Editor.csproj", "{46b72213-ad67-4811-0500-8c9bb206f002}"
EndProject
Global
	GlobalSection(SolutionConfigurationPlatforms) = preSolution
		Debug|Any CPU = Debug|Any CPU
	EndGlobalSection
	GlobalSection(ProjectConfigurationPlatforms) = postSolution
		{3f9d4723-ea77-5e57-ce6e-946b99378ea8}.Debug|Any CPU.ActiveCfg = Debug|Any CPU
		{3f9d4723-ea77-5e57-ce6e-946b99378ea8}.Debug|Any CPU.Build.0 = Debug|Any CPU
		{46b72213-ad67-4811-0500-8c9bb206f002}.Debug|Any CPU.ActiveCfg = Debug|Any CPU
		{46b72213-ad67-4811-0500-8c9bb206f002}.Debug|Any CPU.Build.0 = Debug|Any CPU
	EndGlobalSection
	GlobalSection(SolutionProperties) = preSolution
		HideSolutionNode = FALSE
	EndGlobalSection
EndGlobal
